// !$*UTF8*$!
{
	archiveVersion = 1;
	classes = {
	};
	objectVersion = 46;
	objects = {

/* Begin PBXBuildFile section */
		21073D2419FDD84600E212C7 /* AppDelegate.swift in Sources */ = {isa = PBXBuildFile; fileRef = 21073D2319FDD84600E212C7 /* AppDelegate.swift */; };
		21073D2619FDD84600E212C7 /* ViewController.swift in Sources */ = {isa = PBXBuildFile; fileRef = 21073D2519FDD84600E212C7 /* ViewController.swift */; };
		21073D2919FDD84600E212C7 /* Main.storyboard in Resources */ = {isa = PBXBuildFile; fileRef = 21073D2719FDD84600E212C7 /* Main.storyboard */; };
		21073D2B19FDD84600E212C7 /* Images.xcassets in Resources */ = {isa = PBXBuildFile; fileRef = 21073D2A19FDD84600E212C7 /* Images.xcassets */; };
		21073D2E19FDD84600E212C7 /* LaunchScreen.xib in Resources */ = {isa = PBXBuildFile; fileRef = 21073D2C19FDD84600E212C7 /* LaunchScreen.xib */; };
		21073D3A19FDD84600E212C7 /* PostcardTests.swift in Sources */ = {isa = PBXBuildFile; fileRef = 21073D3919FDD84600E212C7 /* PostcardTests.swift */; };
		21073D4419FDE0C200E212C7 /* SagradaFamilia.jpeg in Resources */ = {isa = PBXBuildFile; fileRef = 21073D4319FDE0C200E212C7 /* SagradaFamilia.jpeg */; };
		21073D4619FDE41800E212C7 /* AlbertEinsteinStamp.jpg in Resources */ = {isa = PBXBuildFile; fileRef = 21073D4519FDE41800E212C7 /* AlbertEinsteinStamp.jpg */; };
/* End PBXBuildFile section */

/* Begin PBXContainerItemProxy section */
		21073D3419FDD84600E212C7 /* PBXContainerItemProxy */ = {
			isa = PBXContainerItemProxy;
			containerPortal = 21073D1619FDD84500E212C7 /* Project object */;
			proxyType = 1;
			remoteGlobalIDString = 21073D1D19FDD84500E212C7;
			remoteInfo = Postcard;
		};
/* End PBXContainerItemProxy section */

/* Begin PBXFileReference section */
		21073D1E19FDD84600E212C7 /* Postcard.app */ = {isa = PBXFileReference; explicitFileType = wrapper.application; includeInIndex = 0; path = Postcard.app; sourceTree = BUILT_PRODUCTS_DIR; };
		21073D2219FDD84600E212C7 /* Info.plist */ = {isa = PBXFileReference; lastKnownFileType = text.plist.xml; path = Info.plist; sourceTree = "<group>"; };
		21073D2319FDD84600E212C7 /* AppDelegate.swift */ = {isa = PBXFileReference; lastKnownFileType = sourcecode.swift; path = AppDelegate.swift; sourceTree = "<group>"; };
		21073D2519FDD84600E212C7 /* ViewController.swift */ = {isa = PBXFileReference; lastKnownFileType = sourcecode.swift; path = ViewController.swift; sourceTree = "<group>"; };
		21073D2819FDD84600E212C7 /* Base */ = {isa = PBXFileReference; lastKnownFileType = file.storyboard; name = Base; path = Base.lproj/Main.storyboard; sourceTree = "<group>"; };
		21073D2A19FDD84600E212C7 /* Images.xcassets */ = {isa = PBXFileReference; lastKnownFileType = folder.assetcatalog; path = Images.xcassets; sourceTree = "<group>"; };
		21073D2D19FDD84600E212C7 /* Base */ = {isa = PBXFileReference; lastKnownFileType = file.xib; name = Base; path = Base.lproj/LaunchScreen.xib; sourceTree = "<group>"; };
		21073D3319FDD84600E212C7 /* PostcardTests.xctest */ = {isa = PBXFileReference; explicitFileType = wrapper.cfbundle; includeInIndex = 0; path = PostcardTests.xctest; sourceTree = BUILT_PRODUCTS_DIR; };
		21073D3819FDD84600E212C7 /* Info.plist */ = {isa = PBXFileReference; lastKnownFileType = text.plist.xml; path = Info.plist; sourceTree = "<group>"; };
		21073D3919FDD84600E212C7 /* PostcardTests.swift */ = {isa = PBXFileReference; lastKnownFileType = sourcecode.swift; path = PostcardTests.swift; sourceTree = "<group>"; };
		21073D4319FDE0C200E212C7 /* SagradaFamilia.jpeg */ = {isa = PBXFileReference; lastKnownFileType = image.jpeg; path = SagradaFamilia.jpeg; sourceTree = "<group>"; };
		21073D4519FDE41800E212C7 /* AlbertEinsteinStamp.jpg */ = {isa = PBXFileReference; lastKnownFileType = image.jpeg; path = AlbertEinsteinStamp.jpg; sourceTree = "<group>"; };
/* End PBXFileReference section */

/* Begin PBXFrameworksBuildPhase section */
		21073D1B19FDD84500E212C7 /* Frameworks */ = {
			isa = PBXFrameworksBuildPhase;
			buildActionMask = 2147483647;
			files = (
			);
			runOnlyForDeploymentPostprocessing = 0;
		};
		21073D3019FDD84600E212C7 /* Frameworks */ = {
			isa = PBXFrameworksBuildPhase;
			buildActionMask = 2147483647;
			files = (
			);
			runOnlyForDeploymentPostprocessing = 0;
		};
/* End PBXFrameworksBuildPhase section */

/* Begin PBXGroup section */
		21073D1519FDD84500E212C7 = {
			isa = PBXGroup;
			children = (
				21073D2019FDD84600E212C7 /* Postcard */,
				21073D3619FDD84600E212C7 /* PostcardTests */,
				21073D1F19FDD84600E212C7 /* Products */,
			);
			sourceTree = "<group>";
		};
		21073D1F19FDD84600E212C7 /* Products */ = {
			isa = PBXGroup;
			children = (
				21073D1E19FDD84600E212C7 /* Postcard.app */,
				21073D3319FDD84600E212C7 /* PostcardTests.xctest */,
			);
			name = Products;
			sourceTree = "<group>";
		};
		21073D2019FDD84600E212C7 /* Postcard */ = {
			isa = PBXGroup;
			children = (
				21073D2319FDD84600E212C7 /* AppDelegate.swift */,
				21073D2519FDD84600E212C7 /* ViewController.swift */,
				21073D2719FDD84600E212C7 /* Main.storyboard */,
				21073D2A19FDD84600E212C7 /* Images.xcassets */,
				21073D2C19FDD84600E212C7 /* LaunchScreen.xib */,
				21073D2119FDD84600E212C7 /* Supporting Files */,
			);
			path = Postcard;
			sourceTree = "<group>";
		};
		21073D2119FDD84600E212C7 /* Supporting Files */ = {
			isa = PBXGroup;
			children = (
				21073D4319FDE0C200E212C7 /* SagradaFamilia.jpeg */,
				21073D4519FDE41800E212C7 /* AlbertEinsteinStamp.jpg */,
				21073D2219FDD84600E212C7 /* Info.plist */,
			);
			name = "Supporting Files";
			sourceTree = "<group>";
		};
		21073D3619FDD84600E212C7 /* PostcardTests */ = {
			isa = PBXGroup;
			children = (
				21073D3919FDD84600E212C7 /* PostcardTests.swift */,
				21073D3719FDD84600E212C7 /* Supporting Files */,
			);
			path = PostcardTests;
			sourceTree = "<group>";
		};
		21073D3719FDD84600E212C7 /* Supporting Files */ = {
			isa = PBXGroup;
			children = (
				21073D3819FDD84600E212C7 /* Info.plist */,
			);
			name = "Supporting Files";
			sourceTree = "<group>";
		};
/* End PBXGroup section */

/* Begin PBXNativeTarget section */
		21073D1D19FDD84500E212C7 /* Postcard */ = {
			isa = PBXNativeTarget;
			buildConfigurationList = 21073D3D19FDD84600E212C7 /* Build configuration list for PBXNativeTarget "Postcard" */;
			buildPhases = (
				21073D1A19FDD84500E212C7 /* Sources */,
				21073D1B19FDD84500E212C7 /* Frameworks */,
				21073D1C19FDD84500E212C7 /* Resources */,
			);
			buildRules = (
			);
			dependencies = (
			);
			name = Postcard;
			productName = Postcard;
			productReference = 21073D1E19FDD84600E212C7 /* Postcard.app */;
			productType = "com.apple.product-type.application";
		};
		21073D3219FDD84600E212C7 /* PostcardTests */ = {
			isa = PBXNativeTarget;
			buildConfigurationList = 21073D4019FDD84600E212C7 /* Build configuration list for PBXNativeTarget "PostcardTests" */;
			buildPhases = (
				21073D2F19FDD84600E212C7 /* Sources */,
				21073D3019FDD84600E212C7 /* Frameworks */,
				21073D3119FDD84600E212C7 /* Resources */,
			);
			buildRules = (
			);
			dependencies = (
				21073D3519FDD84600E212C7 /* PBXTargetDependency */,
			);
			name = PostcardTests;
			productName = PostcardTests;
			productReference = 21073D3319FDD84600E212C7 /* PostcardTests.xctest */;
			productType = "com.apple.product-type.bundle.unit-test";
		};
/* End PBXNativeTarget section */

/* Begin PBXProject section */
		21073D1619FDD84500E212C7 /* Project object */ = {
			isa = PBXProject;
			attributes = {
				LastUpgradeCheck = 0610;
				ORGANIZATIONNAME = "Louis Servant";
				TargetAttributes = {
					21073D1D19FDD84500E212C7 = {
						CreatedOnToolsVersion = 6.1;
					};
					21073D3219FDD84600E212C7 = {
						CreatedOnToolsVersion = 6.1;
						TestTargetID = 21073D1D19FDD84500E212C7;
					};
				};
			};
			buildConfigurationList = 21073D1919FDD84500E212C7 /* Build configuration list for PBXProject "Postcard" */;
			compatibilityVersion = "Xcode 3.2";
			developmentRegion = English;
			hasScannedForEncodings = 0;
			knownRegions = (
				en,
				Base,
			);
			mainGroup = 21073D1519FDD84500E212C7;
			productRefGroup = 21073D1F19FDD84600E212C7 /* Products */;
			projectDirPath = "";
			projectRoot = "";
			targets = (
				21073D1D19FDD84500E212C7 /* Postcard */,
				21073D3219FDD84600E212C7 /* PostcardTests */,
			);
		};
/* End PBXProject section */

/* Begin PBXResourcesBuildPhase section */
		21073D1C19FDD84500E212C7 /* Resources */ = {
			isa = PBXResourcesBuildPhase;
			buildActionMask = 2147483647;
			files = (
				21073D2919FDD84600E212C7 /* Main.storyboard in Resources */,
				21073D4419FDE0C200E212C7 /* SagradaFamilia.jpeg in Resources */,
				21073D4619FDE41800E212C7 /* AlbertEinsteinStamp.jpg in Resources */,
				21073D2E19FDD84600E212C7 /* LaunchScreen.xib in Resources */,
				21073D2B19FDD84600E212C7 /* Images.xcassets in Resources */,
			);
			runOnlyForDeploymentPostprocessing = 0;
		};
		21073D3119FDD84600E212C7 /* Resources */ = {
			isa = PBXResourcesBuildPhase;
			buildActionMask = 2147483647;
			files = (
			);
			runOnlyForDeploymentPostprocessing = 0;
		};
/* End PBXResourcesBuildPhase section */

/* Begin PBXSourcesBuildPhase section */
		21073D1A19FDD84500E212C7 /* Sources */ = {
			isa = PBXSourcesBuildPhase;
			buildActionMask = 2147483647;
			files = (
				21073D2619FDD84600E212C7 /* ViewController.swift in Sources */,
				21073D2419FDD84600E212C7 /* AppDelegate.swift in Sources */,
			);
			runOnlyForDeploymentPostprocessing = 0;
		};
		21073D2F19FDD84600E212C7 /* Sources */ = {
			isa = PBXSourcesBuildPhase;
			buildActionMask = 2147483647;
			files = (
				21073D3A19FDD84600E212C7 /* PostcardTests.swift in Sources */,
			);
			runOnlyForDeploymentPostprocessing = 0;
		};
/* End PBXSourcesBuildPhase section */

/* Begin PBXTargetDependency section */
		21073D3519FDD84600E212C7 /* PBXTargetDependency */ = {
			isa = PBXTargetDependency;
			target = 21073D1D19FDD84500E212C7 /* Postcard */;
			targetProxy = 21073D3419FDD84600E212C7 /* PBXContainerItemProxy */;
		};
/* End PBXTargetDependency section */

/* Begin PBXVariantGroup section */
		21073D2719FDD84600E212C7 /* Main.storyboard */ = {
			isa = PBXVariantGroup;
			children = (
				21073D2819FDD84600E212C7 /* Base */,
			);
			name = Main.storyboard;
			sourceTree = "<group>";
		};
		21073D2C19FDD84600E212C7 /* LaunchScreen.xib */ = {
			isa = PBXVariantGroup;
			children = (
				21073D2D19FDD84600E212C7 /* Base */,
			);
			name = LaunchScreen.xib;
			sourceTree = "<group>";
		};
/* End PBXVariantGroup section */

/* Begin XCBuildConfiguration section */
		21073D3B19FDD84600E212C7 /* Debug */ = {
			isa = XCBuildConfiguration;
			buildSettings = {
				ALWAYS_SEARCH_USER_PATHS = NO;
				CLANG_CXX_LANGUAGE_STANDARD = "gnu++0x";
				CLANG_CXX_LIBRARY = "libc++";
				CLANG_ENABLE_MODULES = YES;
				CLANG_ENABLE_OBJC_ARC = YES;
				CLANG_WARN_BOOL_CONVERSION = YES;
				CLANG_WARN_CONSTANT_CONVERSION = YES;
				CLANG_WARN_DIRECT_OBJC_ISA_USAGE = YES_ERROR;
				CLANG_WARN_EMPTY_BODY = YES;
				CLANG_WARN_ENUM_CONVERSION = YES;
				CLANG_WARN_INT_CONVERSION = YES;
				CLANG_WARN_OBJC_ROOT_CLASS = YES_ERROR;
				CLANG_WARN_UNREACHABLE_CODE = YES;
				CLANG_WARN__DUPLICATE_METHOD_MATCH = YES;
				"CODE_SIGN_IDENTITY[sdk=iphoneos*]" = "iPhone Developer";
				COPY_PHASE_STRIP = NO;
				ENABLE_STRICT_OBJC_MSGSEND = YES;
				GCC_C_LANGUAGE_STANDARD = gnu99;
				GCC_DYNAMIC_NO_PIC = NO;
				GCC_OPTIMIZATION_LEVEL = 0;
				GCC_PREPROCESSOR_DEFINITIONS = (
					"DEBUG=1",
					"$(inherited)",
				);
				GCC_SYMBOLS_PRIVATE_EXTERN = NO;
				GCC_WARN_64_TO_32_BIT_CONVERSION = YES;
				GCC_WARN_ABOUT_RETURN_TYPE = YES_ERROR;
				GCC_WARN_UNDECLARED_SELECTOR = YES;
				GCC_WARN_UNINITIALIZED_AUTOS = YES_AGGRESSIVE;
				GCC_WARN_UNUSED_FUNCTION = YES;
				GCC_WARN_UNUSED_VARIABLE = YES;
				IPHONEOS_DEPLOYMENT_TARGET = 8.1;
				MTL_ENABLE_DEBUG_INFO = YES;
				ONLY_ACTIVE_ARCH = YES;
				SDKROOT = iphoneos;
				SWIFT_OPTIMIZATION_LEVEL = "-Onone";
				TARGETED_DEVICE_FAMILY = "1,2";
			};
			name = Debug;
		};
		21073D3C19FDD84600E212C7 /* Release */ = {
			isa = XCBuildConfiguration;
			buildSettings = {
				ALWAYS_SEARCH_USER_PATHS = NO;
				CLANG_CXX_LANGUAGE_STANDARD = "gnu++0x";
				CLANG_CXX_LIBRARY = "libc++";
				CLANG_ENABLE_MODULES = YES;
				CLANG_ENABLE_OBJC_ARC = YES;
				CLANG_WARN_BOOL_CONVERSION = YES;
				CLANG_WARN_CONSTANT_CONVERSION = YES;
				CLANG_WARN_DIRECT_OBJC_ISA_USAGE = YES_ERROR;
				CLANG_WARN_EMPTY_BODY = YES;
				CLANG_WARN_ENUM_CONVERSION = YES;
				CLANG_WARN_INT_CONVERSION = YES;
				CLANG_WARN_OBJC_ROOT_CLASS = YES_ERROR;
				CLANG_WARN_UNREACHABLE_CODE = YES;
				CLANG_WARN__DUPLICATE_METHOD_MATCH = YES;
				"CODE_SIGN_IDENTITY[sdk=iphoneos*]" = "iPhone Developer";
				COPY_PHASE_STRIP = YES;
				ENABLE_NS_ASSERTIONS = NO;
				ENABLE_STRICT_OBJC_MSGSEND = YES;
				GCC_C_LANGUAGE_STANDARD = gnu99;
				GCC_WARN_64_TO_32_BIT_CONVERSION = YES;
				GCC_WARN_ABOUT_RETURN_TYPE = YES_ERROR;
				GCC_WARN_UNDECLARED_SELECTOR = YES;
				GCC_WARN_UNINITIALIZED_AUTOS = YES_AGGRESSIVE;
				GCC_WARN_UNUSED_FUNCTION = YES;
				GCC_WARN_UNUSED_VARIABLE = YES;
				IPHONEOS_DEPLOYMENT_TARGET = 8.1;
				MTL_ENABLE_DEBUG_INFO = NO;
				SDKROOT = iphoneos;
				TARGETED_DEVICE_FAMILY = "1,2";
				VALIDATE_PRODUCT = YES;
			};
			name = Release;
		};
		21073D3E19FDD84600E212C7 /* Debug */ = {
			isa = XCBuildConfiguration;
			buildSettings = {
				ASSETCATALOG_COMPILER_APPICON_NAME = AppIcon;
				INFOPLIST_FILE = Postcard/Info.plist;
				LD_RUNPATH_SEARCH_PATHS = "$(inherited) @executable_path/Frameworks";
				PRODUCT_NAME = "$(TARGET_NAME)";
				TARGETED_DEVICE_FAMILY = "1,2";
			};
			name = Debug;
		};
		21073D3F19FDD84600E212C7 /* Release */ = {
			isa = XCBuildConfiguration;
			buildSettings = {
				ASSETCATALOG_COMPILER_APPICON_NAME = AppIcon;
				INFOPLIST_FILE = Postcard/Info.plist;
				LD_RUNPATH_SEARCH_PATHS = "$(inherited) @executable_path/Frameworks";
				PRODUCT_NAME = "$(TARGET_NAME)";
				TARGETED_DEVICE_FAMILY = "1,2";
			};
			name = Release;
		};
		21073D4119FDD84600E212C7 /* Debug */ = {
			isa = XCBuildConfiguration;
			buildSettings = {
				BUNDLE_LOADER = "$(TEST_HOST)";
				FRAMEWORK_SEARCH_PATHS = (
					"$(SDKROOT)/Developer/Library/Frameworks",
					"$(inherited)",
				);
				GCC_PREPROCESSOR_DEFINITIONS = (
					"DEBUG=1",
					"$(inherited)",
				);
				INFOPLIST_FILE = PostcardTests/Info.plist;
				LD_RUNPATH_SEARCH_PATHS = "$(inherited) @executable_path/Frameworks @loader_path/Frameworks";
				PRODUCT_NAME = "$(TARGET_NAME)";
				TEST_HOST = "$(BUILT_PRODUCTS_DIR)/Postcard.app/Postcard";
			};
			name = Debug;
		};
		21073D4219FDD84600E212C7 /* Release */ = {
			isa = XCBuildConfiguration;
			buildSettings = {
				BUNDLE_LOADER = "$(TEST_HOST)";
				FRAMEWORK_SEARCH_PATHS = (
					"$(SDKROOT)/Developer/Library/Frameworks",
					"$(inherited)",
				);
				INFOPLIST_FILE = PostcardTests/Info.plist;
				LD_RUNPATH_SEARCH_PATHS = "$(inherited) @executable_path/Frameworks @loader_path/Frameworks";
				PRODUCT_NAME = "$(TARGET_NAME)";
				TEST_HOST = "$(BUILT_PRODUCTS_DIR)/Postcard.app/Postcard";
			};
			name = Release;
		};
/* End XCBuildConfiguration section */

/* Begin XCConfigurationList section */
		21073D1919FDD84500E212C7 /* Build configuration list for PBXProject "Postcard" */ = {
			isa = XCConfigurationList;
			buildConfigurations = (
				21073D3B19FDD84600E212C7 /* Debug */,
				21073D3C19FDD84600E212C7 /* Release */,
			);
			defaultConfigurationIsVisible = 0;
			defaultConfigurationName = Release;
		};
		21073D3D19FDD84600E212C7 /* Build configuration list for PBXNativeTarget "Postcard" */ = {
			isa = XCConfigurationList;
			buildConfigurations = (
				21073D3E19FDD84600E212C7 /* Debug */,
				21073D3F19FDD84600E212C7 /* Release */,
			);
			defaultConfigurationIsVisible = 0;
			defaultConfigurationName = Release;
		};
		21073D4019FDD84600E212C7 /* Build configuration list for PBXNativeTarget "PostcardTests" */ = {
			isa = XCConfigurationList;
			buildConfigurations = (
				21073D4119FDD84600E212C7 /* Debug */,
				21073D4219FDD84600E212C7 /* Release */,
			);
			defaultConfigurationIsVisible = 0;
			defaultConfigurationName = Release;
		};
/* End XCConfigurationList section */
	};
	rootObject = 21073D1619FDD84500E212C7 /* Project object */;
}
